
Microsoft Visual Studio Solution File, Format Version 12.00
# Visual Studio Version 16
VisualStudioVersion = 16.0.30907.101
MinimumVisualStudioVersion = 10.0.40219.1
Project("{FAE04EC0-301F-11D3-BF4B-00C04F79EFBC}") = "Sell Train Ticket", "Sell Train Ticket.csproj", "{966BA616-B533-4434-A4BE-D4C8C61BBFCB}"
EndProject
Global
	GlobalSection(SolutionConfigurationPlatforms) = preSolution
		Debug|Any CPU = Debug|Any CPU
		Release|Any CPU = Release|Any CPU
	EndGlobalSection
	GlobalSection(ProjectConfigurationPlatforms) = postSolution
		{966BA616-B533-4434-A4BE-D4C8C61BBFCB}.Debug|Any CPU.ActiveCfg = Debug|Any CPU
		{966BA616-B533-4434-A4BE-D4C8C61BBFCB}.Debug|Any CPU.Build.0 = Debug|Any CPU
		{966BA616-B533-4434-A4BE-D4C8C61BBFCB}.Release|Any CPU.ActiveCfg = Debug|Any CPU
		{966BA616-B533-4434-A4BE-D4C8C61BBFCB}.Release|Any CPU.Build.0 = Debug|Any CPU
	EndGlobalSection
	GlobalSection(SolutionProperties) = preSolution
		HideSolutionNode = FALSE
	EndGlobalSection
	GlobalSection(ExtensibilityGlobals) = postSolution
		SolutionGuid = {67EE44AC-1BED-4392-9159-86FB3235D3C5}
	EndGlobalSection
EndGlobal
